
Microsoft Visual Studio Solution File, Format Version 12.00
# Visual Studio 14
VisualStudioVersion = 14.0.25123.0
MinimumVisualStudioVersion = 10.0.40219.1
Project("{FAE04EC0-301F-11D3-BF4B-00C04F79EFBC}") = "TaskNumberTwo", "TaskNumberTwo\TaskNumberTwo.csproj", "{49EAFF06-BA7F-49A2-8947-24584CD0C481}"
EndProject
Project("{FAE04EC0-301F-11D3-BF4B-00C04F79EFBC}") = "Demo", "Demo\Demo.csproj", "{50FE816A-2DB9-4BEE-9BF6-8BFDB4F893DD}"
EndProject
Global
	GlobalSection(SolutionConfigurationPlatforms) = preSolution
		Debug|Any CPU = Debug|Any CPU
		Debug|x86 = Debug|x86
		Release|Any CPU = Release|Any CPU
		Release|x86 = Release|x86
	EndGlobalSection
	GlobalSection(ProjectConfigurationPlatforms) = postSolution
		{49EAFF06-BA7F-49A2-8947-24584CD0C481}.Debug|Any CPU.ActiveCfg = Debug|x86
		{49EAFF06-BA7F-49A2-8947-24584CD0C481}.Debug|x86.ActiveCfg = Debug|Any CPU
		{49EAFF06-BA7F-49A2-8947-24584CD0C481}.Debug|x86.Build.0 = Debug|Any CPU
		{49EAFF06-BA7F-49A2-8947-24584CD0C481}.Release|Any CPU.ActiveCfg = Release|x86
		{49EAFF06-BA7F-49A2-8947-24584CD0C481}.Release|x86.ActiveCfg = Release|x86
		{49EAFF06-BA7F-49A2-8947-24584CD0C481}.Release|x86.Build.0 = Release|x86
		{50FE816A-2DB9-4BEE-9BF6-8BFDB4F893DD}.Debug|Any CPU.ActiveCfg = Debug|Any CPU
		{50FE816A-2DB9-4BEE-9BF6-8BFDB4F893DD}.Debug|Any CPU.Build.0 = Debug|Any CPU
		{50FE816A-2DB9-4BEE-9BF6-8BFDB4F893DD}.Debug|x86.ActiveCfg = Debug|Any CPU
		{50FE816A-2DB9-4BEE-9BF6-8BFDB4F893DD}.Debug|x86.Build.0 = Debug|Any CPU
		{50FE816A-2DB9-4BEE-9BF6-8BFDB4F893DD}.Release|Any CPU.ActiveCfg = Release|Any CPU
		{50FE816A-2DB9-4BEE-9BF6-8BFDB4F893DD}.Release|Any CPU.Build.0 = Release|Any CPU
		{50FE816A-2DB9-4BEE-9BF6-8BFDB4F893DD}.Release|x86.ActiveCfg = Release|Any CPU
		{50FE816A-2DB9-4BEE-9BF6-8BFDB4F893DD}.Release|x86.Build.0 = Release|Any CPU
	EndGlobalSection
	GlobalSection(SolutionProperties) = preSolution
		HideSolutionNode = FALSE
	EndGlobalSection
EndGlobal
